// !$*UTF8*$!
{
	archiveVersion = 1;
	classes = {
	};
	objectVersion = 77;
	objects = {

/* Begin PBXContainerItemProxy section */
		5BC87BFC2DAE52CF00240596 /* PBXContainerItemProxy */ = {
			isa = PBXContainerItemProxy;
			containerPortal = 5BC87BDD2DAE52C600240596 /* Project object */;
			proxyType = 1;
			remoteGlobalIDString = 5BC87BE42DAE52C600240596;
			remoteInfo = EmmasShoeb;
		};
		5BC87C062DAE52CF00240596 /* PBXContainerItemProxy */ = {
			isa = PBXContainerItemProxy;
			containerPortal = 5BC87BDD2DAE52C600240596 /* Project object */;
			proxyType = 1;
			remoteGlobalIDString = 5BC87BE42DAE52C600240596;
			remoteInfo = EmmasShoeb;
		};
/* End PBXContainerItemProxy section */

/* Begin PBXFileReference section */
		5BC87BE52DAE52C600240596 /* EmmasShoeb.app */ = {isa = PBXFileReference; explicitFileType = wrapper.application; includeInIndex = 0; path = EmmasShoeb.app; sourceTree = BUILT_PRODUCTS_DIR; };
		5BC87BFB2DAE52CF00240596 /* EmmasShoebTests.xctest */ = {isa = PBXFileReference; explicitFileType = wrapper.cfbundle; includeInIndex = 0; path = EmmasShoebTests.xctest; sourceTree = BUILT_PRODUCTS_DIR; };
		5BC87C052DAE52CF00240596 /* EmmasShoebUITests.xctest */ = {isa = PBXFileReference; explicitFileType = wrapper.cfbundle; includeInIndex = 0; path = EmmasShoebUITests.xctest; sourceTree = BUILT_PRODUCTS_DIR; };
/* End PBXFileReference section */

/* Begin PBXFileSystemSynchronizedBuildFileExceptionSet section */
		5BC87C0D2DAE52CF00240596 /* Exceptions for "EmmasShoeb" folder in "EmmasShoeb" target */ = {
			isa = PBXFileSystemSynchronizedBuildFileExceptionSet;
			membershipExceptions = (
				Info.plist,
			);
			target = 5BC87BE42DAE52C600240596 /* EmmasShoeb */;
		};
/* End PBXFileSystemSynchronizedBuildFileExceptionSet section */

/* Begin PBXFileSystemSynchronizedRootGroup section */
		5BC87BE72DAE52C600240596 /* EmmasShoeb */ = {
			isa = PBXFileSystemSynchronizedRootGroup;
			exceptions = (
				5BC87C0D2DAE52CF00240596 /* Exceptions for "EmmasShoeb" folder in "EmmasShoeb" target */,
			);
			path = EmmasShoeb;
			sourceTree = "<group>";
		};
		5BC87BFE2DAE52CF00240596 /* EmmasShoebTests */ = {
			isa = PBXFileSystemSynchronizedRootGroup;
			path = EmmasShoebTests;
			sourceTree = "<group>";
		};
		5BC87C082DAE52CF00240596 /* EmmasShoebUITests */ = {
			isa = PBXFileSystemSynchronizedRootGroup;
			path = EmmasShoebUITests;
			sourceTree = "<group>";
		};
/* End PBXFileSystemSynchronizedRootGroup section */

/* Begin PBXFrameworksBuildPhase section */
		5BC87BE22DAE52C600240596 /* Frameworks */ = {
			isa = PBXFrameworksBuildPhase;
			buildActionMask = 2147483647;
			files = (
			);
			runOnlyForDeploymentPostprocessing = 0;
		};
		5BC87BF82DAE52CF00240596 /* Frameworks */ = {
			isa = PBXFrameworksBuildPhase;
			buildActionMask = 2147483647;
			files = (
			);
			runOnlyForDeploymentPostprocessing = 0;
		};
		5BC87C022DAE52CF00240596 /* Frameworks */ = {
			isa = PBXFrameworksBuildPhase;
			buildActionMask = 2147483647;
			files = (
			);
			runOnlyForDeploymentPostprocessing = 0;
		};
/* End PBXFrameworksBuildPhase section */

/* Begin PBXGroup section */
		5BC87BDC2DAE52C600240596 = {
			isa = PBXGroup;
			children = (
				5BC87BE72DAE52C600240596 /* EmmasShoeb */,
				5BC87BFE2DAE52CF00240596 /* EmmasShoebTests */,
				5BC87C082DAE52CF00240596 /* EmmasShoebUITests */,
				5BC87BE62DAE52C600240596 /* Products */,
			);
			sourceTree = "<group>";
		};
		5BC87BE62DAE52C600240596 /* Products */ = {
			isa = PBXGroup;
			children = (
				5BC87BE52DAE52C600240596 /* EmmasShoeb.app */,
				5BC87BFB2DAE52CF00240596 /* EmmasShoebTests.xctest */,
				5BC87C052DAE52CF00240596 /* EmmasShoebUITests.xctest */,
			);
			name = Products;
			sourceTree = "<group>";
		};
/* End PBXGroup section */

/* Begin PBXNativeTarget section */
		5BC87BE42DAE52C600240596 /* EmmasShoeb */ = {
			isa = PBXNativeTarget;
			buildConfigurationList = 5BC87C0E2DAE52CF00240596 /* Build configuration list for PBXNativeTarget "EmmasShoeb" */;
			buildPhases = (
				5BC87BE12DAE52C600240596 /* Sources */,
				5BC87BE22DAE52C600240596 /* Frameworks */,
				5BC87BE32DAE52C600240596 /* Resources */,
			);
			buildRules = (
			);
			dependencies = (
			);
			fileSystemSynchronizedGroups = (
				5BC87BE72DAE52C600240596 /* EmmasShoeb */,
			);
			name = EmmasShoeb;
			packageProductDependencies = (
			);
			productName = EmmasShoeb;
			productReference = 5BC87BE52DAE52C600240596 /* EmmasShoeb.app */;
			productType = "com.apple.product-type.application";
		};
		5BC87BFA2DAE52CF00240596 /* EmmasShoebTests */ = {
			isa = PBXNativeTarget;
			buildConfigurationList = 5BC87C132DAE52CF00240596 /* Build configuration list for PBXNativeTarget "EmmasShoebTests" */;
			buildPhases = (
				5BC87BF72DAE52CF00240596 /* Sources */,
				5BC87BF82DAE52CF00240596 /* Frameworks */,
				5BC87BF92DAE52CF00240596 /* Resources */,
			);
			buildRules = (
			);
			dependencies = (
				5BC87BFD2DAE52CF00240596 /* PBXTargetDependency */,
			);
			fileSystemSynchronizedGroups = (
				5BC87BFE2DAE52CF00240596 /* EmmasShoebTests */,
			);
			name = EmmasShoebTests;
			packageProductDependencies = (
			);
			productName = EmmasShoebTests;
			productReference = 5BC87BFB2DAE52CF00240596 /* EmmasShoebTests.xctest */;
			productType = "com.apple.product-type.bundle.unit-test";
		};
		5BC87C042DAE52CF00240596 /* EmmasShoebUITests */ = {
			isa = PBXNativeTarget;
			buildConfigurationList = 5BC87C162DAE52CF00240596 /* Build configuration list for PBXNativeTarget "EmmasShoebUITests" */;
			buildPhases = (
				5BC87C012DAE52CF00240596 /* Sources */,
				5BC87C022DAE52CF00240596 /* Frameworks */,
				5BC87C032DAE52CF00240596 /* Resources */,
			);
			buildRules = (
			);
			dependencies = (
				5BC87C072DAE52CF00240596 /* PBXTargetDependency */,
			);
			fileSystemSynchronizedGroups = (
				5BC87C082DAE52CF00240596 /* EmmasShoebUITests */,
			);
			name = EmmasShoebUITests;
			packageProductDependencies = (
			);
			productName = EmmasShoebUITests;
			productReference = 5BC87C052DAE52CF00240596 /* EmmasShoebUITests.xctest */;
			productType = "com.apple.product-type.bundle.ui-testing";
		};
/* End PBXNativeTarget section */

/* Begin PBXProject section */
		5BC87BDD2DAE52C600240596 /* Project object */ = {
			isa = PBXProject;
			attributes = {
				BuildIndependentTargetsInParallel = 1;
				LastSwiftUpdateCheck = 1600;
				LastUpgradeCheck = 1600;
				TargetAttributes = {
					5BC87BE42DAE52C600240596 = {
						CreatedOnToolsVersion = 16.0;
					};
					5BC87BFA2DAE52CF00240596 = {
						CreatedOnToolsVersion = 16.0;
						TestTargetID = 5BC87BE42DAE52C600240596;
					};
					5BC87C042DAE52CF00240596 = {
						CreatedOnToolsVersion = 16.0;
						TestTargetID = 5BC87BE42DAE52C600240596;
					};
				};
			};
			buildConfigurationList = 5BC87BE02DAE52C600240596 /* Build configuration list for PBXProject "EmmasShoeb" */;
			developmentRegion = en;
			hasScannedForEncodings = 0;
			knownRegions = (
				en,
				Base,
			);
			mainGroup = 5BC87BDC2DAE52C600240596;
			minimizedProjectReferenceProxies = 1;
			preferredProjectObjectVersion = 77;
			productRefGroup = 5BC87BE62DAE52C600240596 /* Products */;
			projectDirPath = "";
			projectRoot = "";
			targets = (
				5BC87BE42DAE52C600240596 /* EmmasShoeb */,
				5BC87BFA2DAE52CF00240596 /* EmmasShoebTests */,
				5BC87C042DAE52CF00240596 /* EmmasShoebUITests */,
			);
		};
/* End PBXProject section */

/* Begin PBXResourcesBuildPhase section */
		5BC87BE32DAE52C600240596 /* Resources */ = {
			isa = PBXResourcesBuildPhase;
			buildActionMask = 2147483647;
			files = (
			);
			runOnlyForDeploymentPostprocessing = 0;
		};
		5BC87BF92DAE52CF00240596 /* Resources */ = {
			isa = PBXResourcesBuildPhase;
			buildActionMask = 2147483647;
			files = (
			);
			runOnlyForDeploymentPostprocessing = 0;
		};
		5BC87C032DAE52CF00240596 /* Resources */ = {
			isa = PBXResourcesBuildPhase;
			buildActionMask = 2147483647;
			files = (
			);
			runOnlyForDeploymentPostprocessing = 0;
		};
/* End PBXResourcesBuildPhase section */

/* Begin PBXSourcesBuildPhase section */
		5BC87BE12DAE52C600240596 /* Sources */ = {
			isa = PBXSourcesBuildPhase;
			buildActionMask = 2147483647;
			files = (
			);
			runOnlyForDeploymentPostprocessing = 0;
		};
		5BC87BF72DAE52CF00240596 /* Sources */ = {
			isa = PBXSourcesBuildPhase;
			buildActionMask = 2147483647;
			files = (
			);
			runOnlyForDeploymentPostprocessing = 0;
		};
		5BC87C012DAE52CF00240596 /* Sources */ = {
			isa = PBXSourcesBuildPhase;
			buildActionMask = 2147483647;
			files = (
			);
			runOnlyForDeploymentPostprocessing = 0;
		};
/* End PBXSourcesBuildPhase section */

/* Begin PBXTargetDependency section */
		5BC87BFD2DAE52CF00240596 /* PBXTargetDependency */ = {
			isa = PBXTargetDependency;
			target = 5BC87BE42DAE52C600240596 /* EmmasShoeb */;
			targetProxy = 5BC87BFC2DAE52CF00240596 /* PBXContainerItemProxy */;
		};
		5BC87C072DAE52CF00240596 /* PBXTargetDependency */ = {
			isa = PBXTargetDependency;
			target = 5BC87BE42DAE52C600240596 /* EmmasShoeb */;
			targetProxy = 5BC87C062DAE52CF00240596 /* PBXContainerItemProxy */;
		};
/* End PBXTargetDependency section */

/* Begin XCBuildConfiguration section */
		5BC87C0F2DAE52CF00240596 /* Debug */ = {
			isa = XCBuildConfiguration;
			buildSettings = {
				ASSETCATALOG_COMPILER_APPICON_NAME = AppIcon;
				ASSETCATALOG_COMPILER_GLOBAL_ACCENT_COLOR_NAME = AccentColor;
				CODE_SIGN_STYLE = Automatic;
				CURRENT_PROJECT_VERSION = 1;
				DEVELOPMENT_TEAM = 5ZVW9KD9WK;
				GENERATE_INFOPLIST_FILE = YES;
				INFOPLIST_FILE = EmmasShoeb/Info.plist;
				INFOPLIST_KEY_UIApplicationSupportsIndirectInputEvents = YES;
				INFOPLIST_KEY_UILaunchStoryboardName = LaunchScreen;
				INFOPLIST_KEY_UIMainStoryboardFile = Main;
				INFOPLIST_KEY_UISupportedInterfaceOrientations_iPad = "UIInterfaceOrientationPortrait UIInterfaceOrientationPortraitUpsideDown UIInterfaceOrientationLandscapeLeft UIInterfaceOrientationLandscapeRight";
				INFOPLIST_KEY_UISupportedInterfaceOrientations_iPhone = "UIInterfaceOrientationPortrait UIInterfaceOrientationLandscapeLeft UIInterfaceOrientationLandscapeRight";
				LD_RUNPATH_SEARCH_PATHS = (
					"$(inherited)",
					"@executable_path/Frameworks",
				);
				MARKETING_VERSION = 1.0;
				PRODUCT_BUNDLE_IDENTIFIER = com.urcupcafe.dev1.EmmasShoeb;
				PRODUCT_NAME = "$(TARGET_NAME)";
				SWIFT_EMIT_LOC_STRINGS = YES;
				SWIFT_VERSION = 5.0;
				TARGETED_DEVICE_FAMILY = "1,2";
			};
			name = Debug;
		};
		5BC87C102DAE52CF00240596 /* Release */ = {
			isa = XCBuildConfiguration;
			buildSettings = {
				ASSETCATALOG_COMPILER_APPICON_NAME = AppIcon;
				ASSETCATALOG_COMPILER_GLOBAL_ACCENT_COLOR_NAME = AccentColor;
				CODE_SIGN_STYLE = Automatic;
				CURRENT_PROJECT_VERSION = 1;
				DEVELOPMENT_TEAM = 5ZVW9KD9WK;
				GENERATE_INFOPLIST_FILE = YES;
				INFOPLIST_FILE = EmmasShoeb/Info.plist;
				INFOPLIST_KEY_UIApplicationSupportsIndirectInputEvents = YES;
				INFOPLIST_KEY_UILaunchStoryboardName = LaunchScreen;
				INFOPLIST_KEY_UIMainStoryboardFile = Main;
				INFOPLIST_KEY_UISupportedInterfaceOrientations_iPad = "UIInterfaceOrientationPortrait UIInterfaceOrientationPortraitUpsideDown UIInterfaceOrientationLandscapeLeft UIInterfaceOrientationLandscapeRight";
				INFOPLIST_KEY_UISupportedInterfaceOrientations_iPhone = "UIInterfaceOrientationPortrait UIInterfaceOrientationLandscapeLeft UIInterfaceOrientationLandscapeRight";
				LD_RUNPATH_SEARCH_PATHS = (
					"$(inherited)",
					"@executable_path/Frameworks",
				);
				MARKETING_VERSION = 1.0;
				PRODUCT_BUNDLE_IDENTIFIER = com.urcupcafe.dev1.EmmasShoeb;
				PRODUCT_NAME = "$(TARGET_NAME)";
				SWIFT_EMIT_LOC_STRINGS = YES;
				SWIFT_VERSION = 5.0;
				TARGETED_DEVICE_FAMILY = "1,2";
			};
			name = Release;
		};
		5BC87C112DAE52CF00240596 /* Debug */ = {
			isa = XCBuildConfiguration;
			buildSettings = {
				ALWAYS_SEARCH_USER_PATHS = NO;
				ASSETCATALOG_COMPILER_GENERATE_SWIFT_ASSET_SYMBOL_EXTENSIONS = YES;
				CLANG_ANALYZER_NONNULL = YES;
				CLANG_ANALYZER_NUMBER_OBJECT_CONVERSION = YES_AGGRESSIVE;
				CLANG_CXX_LANGUAGE_STANDARD = "gnu++20";
				CLANG_ENABLE_MODULES = YES;
				CLANG_ENABLE_OBJC_ARC = YES;
				CLANG_ENABLE_OBJC_WEAK = YES;
				CLANG_WARN_BLOCK_CAPTURE_AUTORELEASING = YES;
				CLANG_WARN_BOOL_CONVERSION = YES;
				CLANG_WARN_COMMA = YES;
				CLANG_WARN_CONSTANT_CONVERSION = YES;
				CLANG_WARN_DEPRECATED_OBJC_IMPLEMENTATIONS = YES;
				CLANG_WARN_DIRECT_OBJC_ISA_USAGE = YES_ERROR;
				CLANG_WARN_DOCUMENTATION_COMMENTS = YES;
				CLANG_WARN_EMPTY_BODY = YES;
				CLANG_WARN_ENUM_CONVERSION = YES;
				CLANG_WARN_INFINITE_RECURSION = YES;
				CLANG_WARN_INT_CONVERSION = YES;
				CLANG_WARN_NON_LITERAL_NULL_CONVERSION = YES;
				CLANG_WARN_OBJC_IMPLICIT_RETAIN_SELF = YES;
				CLANG_WARN_OBJC_LITERAL_CONVERSION = YES;
				CLANG_WARN_OBJC_ROOT_CLASS = YES_ERROR;
				CLANG_WARN_QUOTED_INCLUDE_IN_FRAMEWORK_HEADER = YES;
				CLANG_WARN_RANGE_LOOP_ANALYSIS = YES;
				CLANG_WARN_STRICT_PROTOTYPES = YES;
				CLANG_WARN_SUSPICIOUS_MOVE = YES;
				CLANG_WARN_UNGUARDED_AVAILABILITY = YES_AGGRESSIVE;
				CLANG_WARN_UNREACHABLE_CODE = YES;
				CLANG_WARN__DUPLICATE_METHOD_MATCH = YES;
				COPY_PHASE_STRIP = NO;
				DEBUG_INFORMATION_FORMAT = dwarf;
				ENABLE_STRICT_OBJC_MSGSEND = YES;
				ENABLE_TESTABILITY = YES;
				ENABLE_USER_SCRIPT_SANDBOXING = YES;
				GCC_C_LANGUAGE_STANDARD = gnu17;
				GCC_DYNAMIC_NO_PIC = NO;
				GCC_NO_COMMON_BLOCKS = YES;
				GCC_OPTIMIZATION_LEVEL = 0;
				GCC_PREPROCESSOR_DEFINITIONS = (
					"DEBUG=1",
					"$(inherited)",
				);
				GCC_WARN_64_TO_32_BIT_CONVERSION = YES;
				GCC_WARN_ABOUT_RETURN_TYPE = YES_ERROR;
				GCC_WARN_UNDECLARED_SELECTOR = YES;
				GCC_WARN_UNINITIALIZED_AUTOS = YES_AGGRESSIVE;
				GCC_WARN_UNUSED_FUNCTION = YES;
				GCC_WARN_UNUSED_VARIABLE = YES;
				IPHONEOS_DEPLOYMENT_TARGET = 18.0;
				LOCALIZATION_PREFERS_STRING_CATALOGS = YES;
				MTL_ENABLE_DEBUG_INFO = INCLUDE_SOURCE;
				MTL_FAST_MATH = YES;
				ONLY_ACTIVE_ARCH = YES;
				SDKROOT = iphoneos;
				SWIFT_ACTIVE_COMPILATION_CONDITIONS = "DEBUG $(inherited)";
				SWIFT_OPTIMIZATION_LEVEL = "-Onone";
			};
			name = Debug;
		};
		5BC87C122DAE52CF00240596 /* Release */ = {
			isa = XCBuildConfiguration;
			buildSettings = {
				ALWAYS_SEARCH_USER_PATHS = NO;
				ASSETCATALOG_COMPILER_GENERATE_SWIFT_ASSET_SYMBOL_EXTENSIONS = YES;
				CLANG_ANALYZER_NONNULL = YES;
				CLANG_ANALYZER_NUMBER_OBJECT_CONVERSION = YES_AGGRESSIVE;
				CLANG_CXX_LANGUAGE_STANDARD = "gnu++20";
				CLANG_ENABLE_MODULES = YES;
				CLANG_ENABLE_OBJC_ARC = YES;
				CLANG_ENABLE_OBJC_WEAK = YES;
				CLANG_WARN_BLOCK_CAPTURE_AUTORELEASING = YES;
				CLANG_WARN_BOOL_CONVERSION = YES;
				CLANG_WARN_COMMA = YES;
				CLANG_WARN_CONSTANT_CONVERSION = YES;
				CLANG_WARN_DEPRECATED_OBJC_IMPLEMENTATIONS = YES;
				CLANG_WARN_DIRECT_OBJC_ISA_USAGE = YES_ERROR;
				CLANG_WARN_DOCUMENTATION_COMMENTS = YES;
				CLANG_WARN_EMPTY_BODY = YES;
				CLANG_WARN_ENUM_CONVERSION = YES;
				CLANG_WARN_INFINITE_RECURSION = YES;
				CLANG_WARN_INT_CONVERSION = YES;
				CLANG_WARN_NON_LITERAL_NULL_CONVERSION = YES;
				CLANG_WARN_OBJC_IMPLICIT_RETAIN_SELF = YES;
				CLANG_WARN_OBJC_LITERAL_CONVERSION = YES;
				CLANG_WARN_OBJC_ROOT_CLASS = YES_ERROR;
				CLANG_WARN_QUOTED_INCLUDE_IN_FRAMEWORK_HEADER = YES;
				CLANG_WARN_RANGE_LOOP_ANALYSIS = YES;
				CLANG_WARN_STRICT_PROTOTYPES = YES;
				CLANG_WARN_SUSPICIOUS_MOVE = YES;
				CLANG_WARN_UNGUARDED_AVAILABILITY = YES_AGGRESSIVE;
				CLANG_WARN_UNREACHABLE_CODE = YES;
				CLANG_WARN__DUPLICATE_METHOD_MATCH = YES;
				COPY_PHASE_STRIP = NO;
				DEBUG_INFORMATION_FORMAT = "dwarf-with-dsym";
				ENABLE_NS_ASSERTIONS = NO;
				ENABLE_STRICT_OBJC_MSGSEND = YES;
				ENABLE_USER_SCRIPT_SANDBOXING = YES;
				GCC_C_LANGUAGE_STANDARD = gnu17;
				GCC_NO_COMMON_BLOCKS = YES;
				GCC_WARN_64_TO_32_BIT_CONVERSION = YES;
				GCC_WARN_ABOUT_RETURN_TYPE = YES_ERROR;
				GCC_WARN_UNDECLARED_SELECTOR = YES;
				GCC_WARN_UNINITIALIZED_AUTOS = YES_AGGRESSIVE;
				GCC_WARN_UNUSED_FUNCTION = YES;
				GCC_WARN_UNUSED_VARIABLE = YES;
				IPHONEOS_DEPLOYMENT_TARGET = 18.0;
				LOCALIZATION_PREFERS_STRING_CATALOGS = YES;
				MTL_ENABLE_DEBUG_INFO = NO;
				MTL_FAST_MATH = YES;
				SDKROOT = iphoneos;
				SWIFT_COMPILATION_MODE = wholemodule;
				VALIDATE_PRODUCT = YES;
			};
			name = Release;
		};
		5BC87C142DAE52CF00240596 /* Debug */ = {
			isa = XCBuildConfiguration;
			buildSettings = {
				BUNDLE_LOADER = "$(TEST_HOST)";
				CODE_SIGN_STYLE = Automatic;
				CURRENT_PROJECT_VERSION = 1;
				DEVELOPMENT_TEAM = 5ZVW9KD9WK;
				GENERATE_INFOPLIST_FILE = YES;
				IPHONEOS_DEPLOYMENT_TARGET = 18.0;
				MARKETING_VERSION = 1.0;
				PRODUCT_BUNDLE_IDENTIFIER = com.urcupcafe.dev1.EmmasShoebTests;
				PRODUCT_NAME = "$(TARGET_NAME)";
				SWIFT_EMIT_LOC_STRINGS = NO;
				SWIFT_VERSION = 5.0;
				TARGETED_DEVICE_FAMILY = "1,2";
				TEST_HOST = "$(BUILT_PRODUCTS_DIR)/EmmasShoeb.app/$(BUNDLE_EXECUTABLE_FOLDER_PATH)/EmmasShoeb";
			};
			name = Debug;
		};
		5BC87C152DAE52CF00240596 /* Release */ = {
			isa = XCBuildConfiguration;
			buildSettings = {
				BUNDLE_LOADER = "$(TEST_HOST)";
				CODE_SIGN_STYLE = Automatic;
				CURRENT_PROJECT_VERSION = 1;
				DEVELOPMENT_TEAM = 5ZVW9KD9WK;
				GENERATE_INFOPLIST_FILE = YES;
				IPHONEOS_DEPLOYMENT_TARGET = 18.0;
				MARKETING_VERSION = 1.0;
				PRODUCT_BUNDLE_IDENTIFIER = com.urcupcafe.dev1.EmmasShoebTests;
				PRODUCT_NAME = "$(TARGET_NAME)";
				SWIFT_EMIT_LOC_STRINGS = NO;
				SWIFT_VERSION = 5.0;
				TARGETED_DEVICE_FAMILY = "1,2";
				TEST_HOST = "$(BUILT_PRODUCTS_DIR)/EmmasShoeb.app/$(BUNDLE_EXECUTABLE_FOLDER_PATH)/EmmasShoeb";
			};
			name = Release;
		};
		5BC87C172DAE52CF00240596 /* Debug */ = {
			isa = XCBuildConfiguration;
			buildSettings = {
				CODE_SIGN_STYLE = Automatic;
				CURRENT_PROJECT_VERSION = 1;
				DEVELOPMENT_TEAM = 5ZVW9KD9WK;
				GENERATE_INFOPLIST_FILE = YES;
				MARKETING_VERSION = 1.0;
				PRODUCT_BUNDLE_IDENTIFIER = com.urcupcafe.dev1.EmmasShoebUITests;
				PRODUCT_NAME = "$(TARGET_NAME)";
				SWIFT_EMIT_LOC_STRINGS = NO;
				SWIFT_VERSION = 5.0;
				TARGETED_DEVICE_FAMILY = "1,2";
				TEST_TARGET_NAME = EmmasShoeb;
			};
			name = Debug;
		};
		5BC87C182DAE52CF00240596 /* Release */ = {
			isa = XCBuildConfiguration;
			buildSettings = {
				CODE_SIGN_STYLE = Automatic;
				CURRENT_PROJECT_VERSION = 1;
				DEVELOPMENT_TEAM = 5ZVW9KD9WK;
				GENERATE_INFOPLIST_FILE = YES;
				MARKETING_VERSION = 1.0;
				PRODUCT_BUNDLE_IDENTIFIER = com.urcupcafe.dev1.EmmasShoebUITests;
				PRODUCT_NAME = "$(TARGET_NAME)";
				SWIFT_EMIT_LOC_STRINGS = NO;
				SWIFT_VERSION = 5.0;
				TARGETED_DEVICE_FAMILY = "1,2";
				TEST_TARGET_NAME = EmmasShoeb;
			};
			name = Release;
		};
/* End XCBuildConfiguration section */

/* Begin XCConfigurationList section */
		5BC87BE02DAE52C600240596 /* Build configuration list for PBXProject "EmmasShoeb" */ = {
			isa = XCConfigurationList;
			buildConfigurations = (
				5BC87C112DAE52CF00240596 /* Debug */,
				5BC87C122DAE52CF00240596 /* Release */,
			);
			defaultConfigurationIsVisible = 0;
			defaultConfigurationName = Release;
		};
		5BC87C0E2DAE52CF00240596 /* Build configuration list for PBXNativeTarget "EmmasShoeb" */ = {
			isa = XCConfigurationList;
			buildConfigurations = (
				5BC87C0F2DAE52CF00240596 /* Debug */,
				5BC87C102DAE52CF00240596 /* Release */,
			);
			defaultConfigurationIsVisible = 0;
			defaultConfigurationName = Release;
		};
		5BC87C132DAE52CF00240596 /* Build configuration list for PBXNativeTarget "EmmasShoebTests" */ = {
			isa = XCConfigurationList;
			buildConfigurations = (
				5BC87C142DAE52CF00240596 /* Debug */,
				5BC87C152DAE52CF00240596 /* Release */,
			);
			defaultConfigurationIsVisible = 0;
			defaultConfigurationName = Release;
		};
		5BC87C162DAE52CF00240596 /* Build configuration list for PBXNativeTarget "EmmasShoebUITests" */ = {
			isa = XCConfigurationList;
			buildConfigurations = (
				5BC87C172DAE52CF00240596 /* Debug */,
				5BC87C182DAE52CF00240596 /* Release */,
			);
			defaultConfigurationIsVisible = 0;
			defaultConfigurationName = Release;
		};
/* End XCConfigurationList section */
	};
	rootObject = 5BC87BDD2DAE52C600240596 /* Project object */;
}
